// !$*UTF8*$!
{
	archiveVersion = 1;
	classes = {
	};
	objectVersion = 46;
	objects = {

/* Begin PBXBuildFile section */
		67D2E39D1E671D0500E2E0DB /* AppDelegate.swift in Sources */ = {isa = PBXBuildFile; fileRef = 67D2E39C1E671D0500E2E0DB /* AppDelegate.swift */; };
		67D2E39F1E671D0500E2E0DB /* ViewController.swift in Sources */ = {isa = PBXBuildFile; fileRef = 67D2E39E1E671D0500E2E0DB /* ViewController.swift */; };
		67D2E3A21E671D0500E2E0DB /* Main.storyboard in Resources */ = {isa = PBXBuildFile; fileRef = 67D2E3A01E671D0500E2E0DB /* Main.storyboard */; };
		67D2E3A41E671D0500E2E0DB /* Assets.xcassets in Resources */ = {isa = PBXBuildFile; fileRef = 67D2E3A31E671D0500E2E0DB /* Assets.xcassets */; };
		67D2E3A71E671D0500E2E0DB /* LaunchScreen.storyboard in Resources */ = {isa = PBXBuildFile; fileRef = 67D2E3A51E671D0500E2E0DB /* LaunchScreen.storyboard */; };
/* End PBXBuildFile section */

/* Begin PBXFileReference section */
		67D2E3991E671D0500E2E0DB /* BullsEye.app */ = {isa = PBXFileReference; explicitFileType = wrapper.application; includeInIndex = 0; path = BullsEye.app; sourceTree = BUILT_PRODUCTS_DIR; };
		67D2E39C1E671D0500E2E0DB /* AppDelegate.swift */ = {isa = PBXFileReference; lastKnownFileType = sourcecode.swift; path = AppDelegate.swift; sourceTree = "<group>"; };
		67D2E39E1E671D0500E2E0DB /* ViewController.swift */ = {isa = PBXFileReference; lastKnownFileType = sourcecode.swift; path = ViewController.swift; sourceTree = "<group>"; };
		67D2E3A11E671D0500E2E0DB /* Base */ = {isa = PBXFileReference; lastKnownFileType = file.storyboard; name = Base; path = Base.lproj/Main.storyboard; sourceTree = "<group>"; };
		67D2E3A31E671D0500E2E0DB /* Assets.xcassets */ = {isa = PBXFileReference; lastKnownFileType = folder.assetcatalog; path = Assets.xcassets; sourceTree = "<group>"; };
		67D2E3A61E671D0500E2E0DB /* Base */ = {isa = PBXFileReference; lastKnownFileType = file.storyboard; name = Base; path = Base.lproj/LaunchScreen.storyboard; sourceTree = "<group>"; };
		67D2E3A81E671D0500E2E0DB /* Info.plist */ = {isa = PBXFileReference; lastKnownFileType = text.plist.xml; path = Info.plist; sourceTree = "<group>"; };
/* End PBXFileReference section */

/* Begin PBXFrameworksBuildPhase section */
		67D2E3961E671D0500E2E0DB /* Frameworks */ = {
			isa = PBXFrameworksBuildPhase;
			buildActionMask = 2147483647;
			files = (
			);
			runOnlyForDeploymentPostprocessing = 0;
		};
/* End PBXFrameworksBuildPhase section */

/* Begin PBXGroup section */
		67D2E3901E671D0500E2E0DB = {
			isa = PBXGroup;
			children = (
				67D2E39B1E671D0500E2E0DB /* BullsEye */,
				67D2E39A1E671D0500E2E0DB /* Products */,
			);
			sourceTree = "<group>";
		};
		67D2E39A1E671D0500E2E0DB /* Products */ = {
			isa = PBXGroup;
			children = (
				67D2E3991E671D0500E2E0DB /* BullsEye.app */,
			);
			name = Products;
			sourceTree = "<group>";
		};
		67D2E39B1E671D0500E2E0DB /* BullsEye */ = {
			isa = PBXGroup;
			children = (
				67D2E39C1E671D0500E2E0DB /* AppDelegate.swift */,
				67D2E39E1E671D0500E2E0DB /* ViewController.swift */,
				67D2E3A01E671D0500E2E0DB /* Main.storyboard */,
				67D2E3A31E671D0500E2E0DB /* Assets.xcassets */,
				67D2E3A51E671D0500E2E0DB /* LaunchScreen.storyboard */,
				67D2E3A81E671D0500E2E0DB /* Info.plist */,
			);
			path = BullsEye;
			sourceTree = "<group>";
		};
/* End PBXGroup section */

/* Begin PBXNativeTarget section */
		67D2E3981E671D0500E2E0DB /* BullsEye */ = {
			isa = PBXNativeTarget;
			buildConfigurationList = 67D2E3AB1E671D0500E2E0DB /* Build configuration list for PBXNativeTarget "BullsEye" */;
			buildPhases = (
				67D2E3951E671D0500E2E0DB /* Sources */,
				67D2E3961E671D0500E2E0DB /* Frameworks */,
				67D2E3971E671D0500E2E0DB /* Resources */,
			);
			buildRules = (
			);
			dependencies = (
			);
			name = BullsEye;
			productName = BullsEye;
			productReference = 67D2E3991E671D0500E2E0DB /* BullsEye.app */;
			productType = "com.apple.product-type.application";
		};
/* End PBXNativeTarget section */

/* Begin PBXProject section */
		67D2E3911E671D0500E2E0DB /* Project object */ = {
			isa = PBXProject;
			attributes = {
				LastSwiftUpdateCheck = 0820;
				LastUpgradeCheck = 0820;
				ORGANIZATIONNAME = "Hamza Öztürk";
				TargetAttributes = {
					67D2E3981E671D0500E2E0DB = {
						CreatedOnToolsVersion = 8.2.1;
						ProvisioningStyle = Automatic;
					};
				};
			};
			buildConfigurationList = 67D2E3941E671D0500E2E0DB /* Build configuration list for PBXProject "BullsEye" */;
			compatibilityVersion = "Xcode 3.2";
			developmentRegion = English;
			hasScannedForEncodings = 0;
			knownRegions = (
				en,
				Base,
			);
			mainGroup = 67D2E3901E671D0500E2E0DB;
			productRefGroup = 67D2E39A1E671D0500E2E0DB /* Products */;
			projectDirPath = "";
			projectRoot = "";
			targets = (
				67D2E3981E671D0500E2E0DB /* BullsEye */,
			);
		};
/* End PBXProject section */

/* Begin PBXResourcesBuildPhase section */
		67D2E3971E671D0500E2E0DB /* Resources */ = {
			isa = PBXResourcesBuildPhase;
			buildActionMask = 2147483647;
			files = (
				67D2E3A71E671D0500E2E0DB /* LaunchScreen.storyboard in Resources */,
				67D2E3A41E671D0500E2E0DB /* Assets.xcassets in Resources */,
				67D2E3A21E671D0500E2E0DB /* Main.storyboard in Resources */,
			);
			runOnlyForDeploymentPostprocessing = 0;
		};
/* End PBXResourcesBuildPhase section */

/* Begin PBXSourcesBuildPhase section */
		67D2E3951E671D0500E2E0DB /* Sources */ = {
			isa = PBXSourcesBuildPhase;
			buildActionMask = 2147483647;
			files = (
				67D2E39F1E671D0500E2E0DB /* ViewController.swift in Sources */,
				67D2E39D1E671D0500E2E0DB /* AppDelegate.swift in Sources */,
			);
			runOnlyForDeploymentPostprocessing = 0;
		};
/* End PBXSourcesBuildPhase section */

/* Begin PBXVariantGroup section */
		67D2E3A01E671D0500E2E0DB /* Main.storyboard */ = {
			isa = PBXVariantGroup;
			children = (
				67D2E3A11E671D0500E2E0DB /* Base */,
			);
			name = Main.storyboard;
			sourceTree = "<group>";
		};
		67D2E3A51E671D0500E2E0DB /* LaunchScreen.storyboard */ = {
			isa = PBXVariantGroup;
			children = (
				67D2E3A61E671D0500E2E0DB /* Base */,
			);
			name = LaunchScreen.storyboard;
			sourceTree = "<group>";
		};
/* End PBXVariantGroup section */

/* Begin XCBuildConfiguration section */
		67D2E3A91E671D0500E2E0DB /* Debug */ = {
			isa = XCBuildConfiguration;
			buildSettings = {
				ALWAYS_SEARCH_USER_PATHS = NO;
				CLANG_ANALYZER_NONNULL = YES;
				CLANG_CXX_LANGUAGE_STANDARD = "gnu++0x";
				CLANG_CXX_LIBRARY = "libc++";
				CLANG_ENABLE_MODULES = YES;
				CLANG_ENABLE_OBJC_ARC = YES;
				CLANG_WARN_BOOL_CONVERSION = YES;
				CLANG_WARN_CONSTANT_CONVERSION = YES;
				CLANG_WARN_DIRECT_OBJC_ISA_USAGE = YES_ERROR;
				CLANG_WARN_DOCUMENTATION_COMMENTS = YES;
				CLANG_WARN_EMPTY_BODY = YES;
				CLANG_WARN_ENUM_CONVERSION = YES;
				CLANG_WARN_INFINITE_RECURSION = YES;
				CLANG_WARN_INT_CONVERSION = YES;
				CLANG_WARN_OBJC_ROOT_CLASS = YES_ERROR;
				CLANG_WARN_SUSPICIOUS_MOVE = YES;
				CLANG_WARN_UNREACHABLE_CODE = YES;
				CLANG_WARN__DUPLICATE_METHOD_MATCH = YES;
				"CODE_SIGN_IDENTITY[sdk=iphoneos*]" = "iPhone Developer";
				COPY_PHASE_STRIP = NO;
				DEBUG_INFORMATION_FORMAT = dwarf;
				ENABLE_STRICT_OBJC_MSGSEND = YES;
				ENABLE_TESTABILITY = YES;
				GCC_C_LANGUAGE_STANDARD = gnu99;
				GCC_DYNAMIC_NO_PIC = NO;
				GCC_NO_COMMON_BLOCKS = YES;
				GCC_OPTIMIZATION_LEVEL = 0;
				GCC_PREPROCESSOR_DEFINITIONS = (
					"DEBUG=1",
					"$(inherited)",
				);
				GCC_WARN_64_TO_32_BIT_CONVERSION = YES;
				GCC_WARN_ABOUT_RETURN_TYPE = YES_ERROR;
				GCC_WARN_UNDECLARED_SELECTOR = YES;
				GCC_WARN_UNINITIALIZED_AUTOS = YES_AGGRESSIVE;
				GCC_WARN_UNUSED_FUNCTION = YES;
				GCC_WARN_UNUSED_VARIABLE = YES;
				IPHONEOS_DEPLOYMENT_TARGET = 10.2;
				MTL_ENABLE_DEBUG_INFO = YES;
				ONLY_ACTIVE_ARCH = YES;
				SDKROOT = iphoneos;
				SWIFT_ACTIVE_COMPILATION_CONDITIONS = DEBUG;
				SWIFT_OPTIMIZATION_LEVEL = "-Onone";
			};
			name = Debug;
		};
		67D2E3AA1E671D0500E2E0DB /* Release */ = {
			isa = XCBuildConfiguration;
			buildSettings = {
				ALWAYS_SEARCH_USER_PATHS = NO;
				CLANG_ANALYZER_NONNULL = YES;
				CLANG_CXX_LANGUAGE_STANDARD = "gnu++0x";
				CLANG_CXX_LIBRARY = "libc++";
				CLANG_ENABLE_MODULES = YES;
				CLANG_ENABLE_OBJC_ARC = YES;
				CLANG_WARN_BOOL_CONVERSION = YES;
				CLANG_WARN_CONSTANT_CONVERSION = YES;
				CLANG_WARN_DIRECT_OBJC_ISA_USAGE = YES_ERROR;
				CLANG_WARN_DOCUMENTATION_COMMENTS = YES;
				CLANG_WARN_EMPTY_BODY = YES;
				CLANG_WARN_ENUM_CONVERSION = YES;
				CLANG_WARN_INFINITE_RECURSION = YES;
				CLANG_WARN_INT_CONVERSION = YES;
				CLANG_WARN_OBJC_ROOT_CLASS = YES_ERROR;
				CLANG_WARN_SUSPICIOUS_MOVE = YES;
				CLANG_WARN_UNREACHABLE_CODE = YES;
				CLANG_WARN__DUPLICATE_METHOD_MATCH = YES;
				"CODE_SIGN_IDENTITY[sdk=iphoneos*]" = "iPhone Developer";
				COPY_PHASE_STRIP = NO;
				DEBUG_INFORMATION_FORMAT = "dwarf-with-dsym";
				ENABLE_NS_ASSERTIONS = NO;
				ENABLE_STRICT_OBJC_MSGSEND = YES;
				GCC_C_LANGUAGE_STANDARD = gnu99;
				GCC_NO_COMMON_BLOCKS = YES;
				GCC_WARN_64_TO_32_BIT_CONVERSION = YES;
				GCC_WARN_ABOUT_RETURN_TYPE = YES_ERROR;
				GCC_WARN_UNDECLARED_SELECTOR = YES;
				GCC_WARN_UNINITIALIZED_AUTOS = YES_AGGRESSIVE;
				GCC_WARN_UNUSED_FUNCTION = YES;
				GCC_WARN_UNUSED_VARIABLE = YES;
				IPHONEOS_DEPLOYMENT_TARGET = 10.2;
				MTL_ENABLE_DEBUG_INFO = NO;
				SDKROOT = iphoneos;
				SWIFT_OPTIMIZATION_LEVEL = "-Owholemodule";
				VALIDATE_PRODUCT = YES;
			};
			name = Release;
		};
		67D2E3AC1E671D0500E2E0DB /* Debug */ = {
			isa = XCBuildConfiguration;
			buildSettings = {
				ASSETCATALOG_COMPILER_APPICON_NAME = AppIcon;
				INFOPLIST_FILE = BullsEye/Info.plist;
				LD_RUNPATH_SEARCH_PATHS = "$(inherited) @executable_path/Frameworks";
				PRODUCT_BUNDLE_IDENTIFIER = com.tr.hamzaozturk.BullsEye;
				PRODUCT_NAME = "$(TARGET_NAME)";
				SWIFT_VERSION = 3.0;
			};
			name = Debug;
		};
		67D2E3AD1E671D0500E2E0DB /* Release */ = {
			isa = XCBuildConfiguration;
			buildSettings = {
				ASSETCATALOG_COMPILER_APPICON_NAME = AppIcon;
				INFOPLIST_FILE = BullsEye/Info.plist;
				LD_RUNPATH_SEARCH_PATHS = "$(inherited) @executable_path/Frameworks";
				PRODUCT_BUNDLE_IDENTIFIER = com.tr.hamzaozturk.BullsEye;
				PRODUCT_NAME = "$(TARGET_NAME)";
				SWIFT_VERSION = 3.0;
			};
			name = Release;
		};
/* End XCBuildConfiguration section */

/* Begin XCConfigurationList section */
		67D2E3941E671D0500E2E0DB /* Build configuration list for PBXProject "BullsEye" */ = {
			isa = XCConfigurationList;
			buildConfigurations = (
				67D2E3A91E671D0500E2E0DB /* Debug */,
				67D2E3AA1E671D0500E2E0DB /* Release */,
			);
			defaultConfigurationIsVisible = 0;
			defaultConfigurationName = Release;
		};
		67D2E3AB1E671D0500E2E0DB /* Build configuration list for PBXNativeTarget "BullsEye" */ = {
			isa = XCConfigurationList;
			buildConfigurations = (
				67D2E3AC1E671D0500E2E0DB /* Debug */,
				67D2E3AD1E671D0500E2E0DB /* Release */,
			);
			defaultConfigurationIsVisible = 0;
		};
/* End XCConfigurationList section */
	};
	rootObject = 67D2E3911E671D0500E2E0DB /* Project object */;
}
